
Microsoft Visual Studio Solution File, Format Version 12.00
# Visual Studio 2012
Project("{FAE04EC0-301F-11D3-BF4B-00C04F79EFBC}") = "(Q )=set1", "(Q )=set1\(Q )=set1.csproj", "{3FED13D3-4C11-42F8-90B5-6D439522D0D2}"
EndProject
Global
	GlobalSection(SolutionConfigurationPlatforms) = preSolution
		Debug|Any CPU = Debug|Any CPU
		Release|Any CPU = Release|Any CPU
	EndGlobalSection
	GlobalSection(ProjectConfigurationPlatforms) = postSolution
		{3FED13D3-4C11-42F8-90B5-6D439522D0D2}.Debug|Any CPU.ActiveCfg = Debug|Any CPU
		{3FED13D3-4C11-42F8-90B5-6D439522D0D2}.Debug|Any CPU.Build.0 = Debug|Any CPU
		{3FED13D3-4C11-42F8-90B5-6D439522D0D2}.Release|Any CPU.ActiveCfg = Release|Any CPU
		{3FED13D3-4C11-42F8-90B5-6D439522D0D2}.Release|Any CPU.Build.0 = Release|Any CPU
	EndGlobalSection
	GlobalSection(SolutionProperties) = preSolution
		HideSolutionNode = FALSE
	EndGlobalSection
EndGlobal
